
Microsoft Visual Studio Solution File, Format Version 12.00
# Visual Studio Version 17
VisualStudioVersion = 17.10.35122.118
MinimumVisualStudioVersion = 10.0.40219.1
Project("{8BC9CEB8-8B4A-11D0-8D11-00A0C91BC942}") = "3KLSC-MISAELLOPEZ-08", "3KLSC-MISAELLOPEZ-08\3KLSC-MISAELLOPEZ-08.vcxproj", "{C938B6FD-DE53-4A78-B53F-1F59F6563D2A}"
EndProject
Global
	GlobalSection(SolutionConfigurationPlatforms) = preSolution
		Debug|x64 = Debug|x64
		Debug|x86 = Debug|x86
		Release|x64 = Release|x64
		Release|x86 = Release|x86
	EndGlobalSection
	GlobalSection(ProjectConfigurationPlatforms) = postSolution
		{C938B6FD-DE53-4A78-B53F-1F59F6563D2A}.Debug|x64.ActiveCfg = Debug|x64
		{C938B6FD-DE53-4A78-B53F-1F59F6563D2A}.Debug|x64.Build.0 = Debug|x64
		{C938B6FD-DE53-4A78-B53F-1F59F6563D2A}.Debug|x86.ActiveCfg = Debug|Win32
		{C938B6FD-DE53-4A78-B53F-1F59F6563D2A}.Debug|x86.Build.0 = Debug|Win32
		{C938B6FD-DE53-4A78-B53F-1F59F6563D2A}.Release|x64.ActiveCfg = Release|x64
		{C938B6FD-DE53-4A78-B53F-1F59F6563D2A}.Release|x64.Build.0 = Release|x64
		{C938B6FD-DE53-4A78-B53F-1F59F6563D2A}.Release|x86.ActiveCfg = Release|Win32
		{C938B6FD-DE53-4A78-B53F-1F59F6563D2A}.Release|x86.Build.0 = Release|Win32
	EndGlobalSection
	GlobalSection(SolutionProperties) = preSolution
		HideSolutionNode = FALSE
	EndGlobalSection
	GlobalSection(ExtensibilityGlobals) = postSolution
		SolutionGuid = {5460DC8F-B214-41C1-A8E7-6DD0E1BB5A8C}
	EndGlobalSection
EndGlobal
